
Microsoft Visual Studio Solution File, Format Version 12.00
# Visual Studio Version 16
VisualStudioVersion = 16.0.31911.196
MinimumVisualStudioVersion = 10.0.40219.1
Project("{FAE04EC0-301F-11D3-BF4B-00C04F79EFBC}") = "Calculadora", "Calculadora\Calculadora.csproj", "{00349698-3864-4447-B3DA-CEFADD806E81}"
EndProject
Global
	GlobalSection(SolutionConfigurationPlatforms) = preSolution
		Debug|Any CPU = Debug|Any CPU
		Release|Any CPU = Release|Any CPU
	EndGlobalSection
	GlobalSection(ProjectConfigurationPlatforms) = postSolution
		{00349698-3864-4447-B3DA-CEFADD806E81}.Debug|Any CPU.ActiveCfg = Debug|Any CPU
		{00349698-3864-4447-B3DA-CEFADD806E81}.Debug|Any CPU.Build.0 = Debug|Any CPU
		{00349698-3864-4447-B3DA-CEFADD806E81}.Release|Any CPU.ActiveCfg = Release|Any CPU
		{00349698-3864-4447-B3DA-CEFADD806E81}.Release|Any CPU.Build.0 = Release|Any CPU
	EndGlobalSection
	GlobalSection(SolutionProperties) = preSolution
		HideSolutionNode = FALSE
	EndGlobalSection
	GlobalSection(ExtensibilityGlobals) = postSolution
		SolutionGuid = {F6851D42-90B6-4C96-B905-50E12DE21370}
	EndGlobalSection
EndGlobal
